
Microsoft Visual Studio Solution File, Format Version 12.00
# Visual Studio 14
VisualStudioVersion = 14.0.25420.1
MinimumVisualStudioVersion = 10.0.40219.1
Project("{FAE04EC0-301F-11D3-BF4B-00C04F79EFBC}") = "Recipes.Crawlers", "Recipes.Crawlers\Recipes.Crawlers.csproj", "{F3E133B4-DFE3-4818-B0E4-F58B09B82466}"
EndProject
Project("{FAE04EC0-301F-11D3-BF4B-00C04F79EFBC}") = "Recipes.DAL", "Recipes.DAL\Recipes.DAL.csproj", "{D687169D-0A88-40FF-A248-45C02176C8F2}"
EndProject
Project("{FAE04EC0-301F-11D3-BF4B-00C04F79EFBC}") = "Recipes.Domain", "Recipes.Domain\Recipes.Domain.csproj", "{D1C8F952-5BA4-42C5-9E39-AF12D8C7E80B}"
EndProject
Project("{FAE04EC0-301F-11D3-BF4B-00C04F79EFBC}") = "Recipes.Importer", "Recipes.Importer\Recipes.Importer.csproj", "{47AD5DD9-B1E1-4B7D-93EE-0AEFFA7D94AD}"
EndProject
Project("{FAE04EC0-301F-11D3-BF4B-00C04F79EFBC}") = "Test", "Test\Test.csproj", "{F92DD222-FFFC-459C-B173-8137565A28E9}"
EndProject
Project("{FAE04EC0-301F-11D3-BF4B-00C04F79EFBC}") = "Recipes.CleanupTools", "Recipes.CleanupTools\Recipes.CleanupTools.csproj", "{E632ACD0-092C-4D16-862B-5E7036892D2B}"
EndProject
Global
	GlobalSection(SolutionConfigurationPlatforms) = preSolution
		Debug|Any CPU = Debug|Any CPU
		Release|Any CPU = Release|Any CPU
	EndGlobalSection
	GlobalSection(ProjectConfigurationPlatforms) = postSolution
		{F3E133B4-DFE3-4818-B0E4-F58B09B82466}.Debug|Any CPU.ActiveCfg = Debug|Any CPU
		{F3E133B4-DFE3-4818-B0E4-F58B09B82466}.Debug|Any CPU.Build.0 = Debug|Any CPU
		{F3E133B4-DFE3-4818-B0E4-F58B09B82466}.Release|Any CPU.ActiveCfg = Release|Any CPU
		{F3E133B4-DFE3-4818-B0E4-F58B09B82466}.Release|Any CPU.Build.0 = Release|Any CPU
		{D687169D-0A88-40FF-A248-45C02176C8F2}.Debug|Any CPU.ActiveCfg = Debug|Any CPU
		{D687169D-0A88-40FF-A248-45C02176C8F2}.Debug|Any CPU.Build.0 = Debug|Any CPU
		{D687169D-0A88-40FF-A248-45C02176C8F2}.Release|Any CPU.ActiveCfg = Release|Any CPU
		{D687169D-0A88-40FF-A248-45C02176C8F2}.Release|Any CPU.Build.0 = Release|Any CPU
		{D1C8F952-5BA4-42C5-9E39-AF12D8C7E80B}.Debug|Any CPU.ActiveCfg = Debug|Any CPU
		{D1C8F952-5BA4-42C5-9E39-AF12D8C7E80B}.Debug|Any CPU.Build.0 = Debug|Any CPU
		{D1C8F952-5BA4-42C5-9E39-AF12D8C7E80B}.Release|Any CPU.ActiveCfg = Release|Any CPU
		{D1C8F952-5BA4-42C5-9E39-AF12D8C7E80B}.Release|Any CPU.Build.0 = Release|Any CPU
		{47AD5DD9-B1E1-4B7D-93EE-0AEFFA7D94AD}.Debug|Any CPU.ActiveCfg = Debug|Any CPU
		{47AD5DD9-B1E1-4B7D-93EE-0AEFFA7D94AD}.Debug|Any CPU.Build.0 = Debug|Any CPU
		{47AD5DD9-B1E1-4B7D-93EE-0AEFFA7D94AD}.Release|Any CPU.ActiveCfg = Release|Any CPU
		{47AD5DD9-B1E1-4B7D-93EE-0AEFFA7D94AD}.Release|Any CPU.Build.0 = Release|Any CPU
		{F92DD222-FFFC-459C-B173-8137565A28E9}.Debug|Any CPU.ActiveCfg = Debug|Any CPU
		{F92DD222-FFFC-459C-B173-8137565A28E9}.Debug|Any CPU.Build.0 = Debug|Any CPU
		{F92DD222-FFFC-459C-B173-8137565A28E9}.Release|Any CPU.ActiveCfg = Release|Any CPU
		{F92DD222-FFFC-459C-B173-8137565A28E9}.Release|Any CPU.Build.0 = Release|Any CPU
		{E632ACD0-092C-4D16-862B-5E7036892D2B}.Debug|Any CPU.ActiveCfg = Debug|Any CPU
		{E632ACD0-092C-4D16-862B-5E7036892D2B}.Debug|Any CPU.Build.0 = Debug|Any CPU
		{E632ACD0-092C-4D16-862B-5E7036892D2B}.Release|Any CPU.ActiveCfg = Release|Any CPU
		{E632ACD0-092C-4D16-862B-5E7036892D2B}.Release|Any CPU.Build.0 = Release|Any CPU
	EndGlobalSection
	GlobalSection(SolutionProperties) = preSolution
		HideSolutionNode = FALSE
	EndGlobalSection
EndGlobal
